
Microsoft Visual Studio Solution File, Format Version 12.00
# Visual Studio 15
VisualStudioVersion = 15.0.27703.2000
MinimumVisualStudioVersion = 10.0.40219.1
Project("{9A19103F-16F7-4668-BE54-9A1E7A4F7556}") = "ConsoleCaminhoCurto", "ConsoleIrmaoIgual\ConsoleCaminhoCurto.csproj", "{0D7A61DF-40E4-4FBD-88A7-74F1EF0DDBA5}"
EndProject
Global
	GlobalSection(SolutionConfigurationPlatforms) = preSolution
		Debug|Any CPU = Debug|Any CPU
		Release|Any CPU = Release|Any CPU
	EndGlobalSection
	GlobalSection(ProjectConfigurationPlatforms) = postSolution
		{0D7A61DF-40E4-4FBD-88A7-74F1EF0DDBA5}.Debug|Any CPU.ActiveCfg = Debug|Any CPU
		{0D7A61DF-40E4-4FBD-88A7-74F1EF0DDBA5}.Debug|Any CPU.Build.0 = Debug|Any CPU
		{0D7A61DF-40E4-4FBD-88A7-74F1EF0DDBA5}.Release|Any CPU.ActiveCfg = Release|Any CPU
		{0D7A61DF-40E4-4FBD-88A7-74F1EF0DDBA5}.Release|Any CPU.Build.0 = Release|Any CPU
	EndGlobalSection
	GlobalSection(SolutionProperties) = preSolution
		HideSolutionNode = FALSE
	EndGlobalSection
	GlobalSection(ExtensibilityGlobals) = postSolution
		SolutionGuid = {37CB5A12-9398-45E0-AB50-1774A1E57017}
	EndGlobalSection
EndGlobal
